
Microsoft Visual Studio Solution File, Format Version 12.00
# Visual Studio Version 17
VisualStudioVersion = 17.0.31903.59
MinimumVisualStudioVersion = 10.0.40219.1
Project("{9A19103F-16F7-4668-BE54-9A1E7A4F7556}") = "OnlineTutor.Entity", "OnlineTutor.Entity\OnlineTutor.Entity.csproj", "{0E0D55D3-3F21-4CF0-B846-332A99583448}"
EndProject
Project("{FAE04EC0-301F-11D3-BF4B-00C04F79EFBC}") = "OnlineTutor.Data", "OnlineTutor.Data\OnlineTutor.Data\OnlineTutor.Data.csproj", "{B71E30CD-165A-43F7-B8F5-B15715DFDD2E}"
EndProject
Project("{FAE04EC0-301F-11D3-BF4B-00C04F79EFBC}") = "OnlineTutor.Business", "OnlineTutor.Business\OnlineTutor.Business\OnlineTutor.Business.csproj", "{78D1BB3D-0583-4E69-989F-A2B675EE5E8B}"
EndProject
Project("{FAE04EC0-301F-11D3-BF4B-00C04F79EFBC}") = "OnlineTutor.Core", "OnlineTutor.Core\OnlineTutor.Core\OnlineTutor.Core.csproj", "{73D76002-962A-48D9-BC7F-084081FC6046}"
EndProject
Project("{FAE04EC0-301F-11D3-BF4B-00C04F79EFBC}") = "OnlineTutor.Web", "OnlineTutor.Web\OnlineTutor.Web\OnlineTutor.Web.csproj", "{1E3AA41D-D1AD-4BBA-8E51-1E7C9E5729F6}"
EndProject
Global
	GlobalSection(SolutionConfigurationPlatforms) = preSolution
		Debug|Any CPU = Debug|Any CPU
		Release|Any CPU = Release|Any CPU
	EndGlobalSection
	GlobalSection(ProjectConfigurationPlatforms) = postSolution
		{0E0D55D3-3F21-4CF0-B846-332A99583448}.Debug|Any CPU.ActiveCfg = Debug|Any CPU
		{0E0D55D3-3F21-4CF0-B846-332A99583448}.Debug|Any CPU.Build.0 = Debug|Any CPU
		{0E0D55D3-3F21-4CF0-B846-332A99583448}.Release|Any CPU.ActiveCfg = Release|Any CPU
		{0E0D55D3-3F21-4CF0-B846-332A99583448}.Release|Any CPU.Build.0 = Release|Any CPU
		{B71E30CD-165A-43F7-B8F5-B15715DFDD2E}.Debug|Any CPU.ActiveCfg = Debug|Any CPU
		{B71E30CD-165A-43F7-B8F5-B15715DFDD2E}.Debug|Any CPU.Build.0 = Debug|Any CPU
		{B71E30CD-165A-43F7-B8F5-B15715DFDD2E}.Release|Any CPU.ActiveCfg = Release|Any CPU
		{B71E30CD-165A-43F7-B8F5-B15715DFDD2E}.Release|Any CPU.Build.0 = Release|Any CPU
		{78D1BB3D-0583-4E69-989F-A2B675EE5E8B}.Debug|Any CPU.ActiveCfg = Debug|Any CPU
		{78D1BB3D-0583-4E69-989F-A2B675EE5E8B}.Debug|Any CPU.Build.0 = Debug|Any CPU
		{78D1BB3D-0583-4E69-989F-A2B675EE5E8B}.Release|Any CPU.ActiveCfg = Release|Any CPU
		{78D1BB3D-0583-4E69-989F-A2B675EE5E8B}.Release|Any CPU.Build.0 = Release|Any CPU
		{73D76002-962A-48D9-BC7F-084081FC6046}.Debug|Any CPU.ActiveCfg = Debug|Any CPU
		{73D76002-962A-48D9-BC7F-084081FC6046}.Debug|Any CPU.Build.0 = Debug|Any CPU
		{73D76002-962A-48D9-BC7F-084081FC6046}.Release|Any CPU.ActiveCfg = Release|Any CPU
		{73D76002-962A-48D9-BC7F-084081FC6046}.Release|Any CPU.Build.0 = Release|Any CPU
		{1E3AA41D-D1AD-4BBA-8E51-1E7C9E5729F6}.Debug|Any CPU.ActiveCfg = Debug|Any CPU
		{1E3AA41D-D1AD-4BBA-8E51-1E7C9E5729F6}.Debug|Any CPU.Build.0 = Debug|Any CPU
		{1E3AA41D-D1AD-4BBA-8E51-1E7C9E5729F6}.Release|Any CPU.ActiveCfg = Release|Any CPU
		{1E3AA41D-D1AD-4BBA-8E51-1E7C9E5729F6}.Release|Any CPU.Build.0 = Release|Any CPU
	EndGlobalSection
	GlobalSection(SolutionProperties) = preSolution
		HideSolutionNode = FALSE
	EndGlobalSection
	GlobalSection(ExtensibilityGlobals) = postSolution
		SolutionGuid = {63F8E49A-3E6E-4779-BF2C-C305EDCF2379}
	EndGlobalSection
EndGlobal
